
Microsoft Visual Studio Solution File, Format Version 12.00
# Visual Studio Version 16
VisualStudioVersion = 16.0.30114.105
MinimumVisualStudioVersion = 10.0.40219.1
Project("{FAE04EC0-301F-11D3-BF4B-00C04F79EFBC}") = "M318.Exercises.Nr1", "M318.Exercises.Nr1\M318.Exercises.Nr1.csproj", "{23C879A5-A017-4064-AE85-7D78A7F1566E}"
EndProject
Project("{FAE04EC0-301F-11D3-BF4B-00C04F79EFBC}") = "M318.Exercises.Nr2", "M318.Exercises.Nr2\M318.Exercises.Nr2.csproj", "{3354AE3F-0C78-4B29-947D-45DDC3ECC1F0}"
EndProject
Project("{FAE04EC0-301F-11D3-BF4B-00C04F79EFBC}") = "M318.Exercises.Nr3", "M318.Exercises.Nr3\M318.Exercises.Nr3.csproj", "{147CC8FB-0E4C-4217-B8A8-D78F5D0AB19F}"
EndProject
Project("{FAE04EC0-301F-11D3-BF4B-00C04F79EFBC}") = "M318.Exercises.Nr4_1", "M318.Exercises.Nr4_1\M318.Exercises.Nr4_1.csproj", "{DCAC6100-DF4B-4BA3-9F37-A2D536F89AF4}"
EndProject
Project("{FAE04EC0-301F-11D3-BF4B-00C04F79EFBC}") = "M318.Exercises.Nr4_2", "M318.Exercises.Nr4_2\M318.Exercises.Nr4_2.csproj", "{A3025FF7-6E62-416B-BEED-7AE593C862A3}"
EndProject
Project("{FAE04EC0-301F-11D3-BF4B-00C04F79EFBC}") = "M318.Exercises.Nr4_3", "M318.Exercises.Nr4_3\M318.Exercises.Nr4_3.csproj", "{4E71FC77-1CFF-4617-906D-4EE12F97843B}"
EndProject
Project("{FAE04EC0-301F-11D3-BF4B-00C04F79EFBC}") = "M318.Exercises.Nr4_4", "M318.Exercises.Nr4_4\M318.Exercises.Nr4_4.csproj", "{A2A91529-4B6A-4C0F-BC94-870108E4A306}"
EndProject
Global
	GlobalSection(SolutionConfigurationPlatforms) = preSolution
		Debug|Any CPU = Debug|Any CPU
		Release|Any CPU = Release|Any CPU
	EndGlobalSection
	GlobalSection(ProjectConfigurationPlatforms) = postSolution
		{23C879A5-A017-4064-AE85-7D78A7F1566E}.Debug|Any CPU.ActiveCfg = Debug|Any CPU
		{23C879A5-A017-4064-AE85-7D78A7F1566E}.Debug|Any CPU.Build.0 = Debug|Any CPU
		{23C879A5-A017-4064-AE85-7D78A7F1566E}.Release|Any CPU.ActiveCfg = Release|Any CPU
		{23C879A5-A017-4064-AE85-7D78A7F1566E}.Release|Any CPU.Build.0 = Release|Any CPU
		{3354AE3F-0C78-4B29-947D-45DDC3ECC1F0}.Debug|Any CPU.ActiveCfg = Debug|Any CPU
		{3354AE3F-0C78-4B29-947D-45DDC3ECC1F0}.Debug|Any CPU.Build.0 = Debug|Any CPU
		{3354AE3F-0C78-4B29-947D-45DDC3ECC1F0}.Release|Any CPU.ActiveCfg = Release|Any CPU
		{3354AE3F-0C78-4B29-947D-45DDC3ECC1F0}.Release|Any CPU.Build.0 = Release|Any CPU
		{147CC8FB-0E4C-4217-B8A8-D78F5D0AB19F}.Debug|Any CPU.ActiveCfg = Debug|Any CPU
		{147CC8FB-0E4C-4217-B8A8-D78F5D0AB19F}.Debug|Any CPU.Build.0 = Debug|Any CPU
		{147CC8FB-0E4C-4217-B8A8-D78F5D0AB19F}.Release|Any CPU.ActiveCfg = Release|Any CPU
		{147CC8FB-0E4C-4217-B8A8-D78F5D0AB19F}.Release|Any CPU.Build.0 = Release|Any CPU
		{DCAC6100-DF4B-4BA3-9F37-A2D536F89AF4}.Debug|Any CPU.ActiveCfg = Debug|Any CPU
		{DCAC6100-DF4B-4BA3-9F37-A2D536F89AF4}.Debug|Any CPU.Build.0 = Debug|Any CPU
		{DCAC6100-DF4B-4BA3-9F37-A2D536F89AF4}.Release|Any CPU.ActiveCfg = Release|Any CPU
		{DCAC6100-DF4B-4BA3-9F37-A2D536F89AF4}.Release|Any CPU.Build.0 = Release|Any CPU
		{A3025FF7-6E62-416B-BEED-7AE593C862A3}.Debug|Any CPU.ActiveCfg = Debug|Any CPU
		{A3025FF7-6E62-416B-BEED-7AE593C862A3}.Debug|Any CPU.Build.0 = Debug|Any CPU
		{A3025FF7-6E62-416B-BEED-7AE593C862A3}.Release|Any CPU.ActiveCfg = Release|Any CPU
		{A3025FF7-6E62-416B-BEED-7AE593C862A3}.Release|Any CPU.Build.0 = Release|Any CPU
		{4E71FC77-1CFF-4617-906D-4EE12F97843B}.Debug|Any CPU.ActiveCfg = Debug|Any CPU
		{4E71FC77-1CFF-4617-906D-4EE12F97843B}.Debug|Any CPU.Build.0 = Debug|Any CPU
		{4E71FC77-1CFF-4617-906D-4EE12F97843B}.Release|Any CPU.ActiveCfg = Release|Any CPU
		{4E71FC77-1CFF-4617-906D-4EE12F97843B}.Release|Any CPU.Build.0 = Release|Any CPU
		{A2A91529-4B6A-4C0F-BC94-870108E4A306}.Debug|Any CPU.ActiveCfg = Debug|Any CPU
		{A2A91529-4B6A-4C0F-BC94-870108E4A306}.Debug|Any CPU.Build.0 = Debug|Any CPU
		{A2A91529-4B6A-4C0F-BC94-870108E4A306}.Release|Any CPU.ActiveCfg = Release|Any CPU
		{A2A91529-4B6A-4C0F-BC94-870108E4A306}.Release|Any CPU.Build.0 = Release|Any CPU
	EndGlobalSection
	GlobalSection(SolutionProperties) = preSolution
		HideSolutionNode = FALSE
	EndGlobalSection
	GlobalSection(ExtensibilityGlobals) = postSolution
		SolutionGuid = {B6C2BC32-A72C-481B-B9E0-29933C8E8EEB}
	EndGlobalSection
EndGlobal
